ella.to/solid v0.0.1 h1:ETuDqY9Xshsnrw3GTy1JInkcMjp2bQ3Tu58f+ddEX+s=
ella.to/solid v0.0.1/go.mod h1:0+qlRn4069za08wDegNAFUICaKAZCZHKUjav8UEZml0=
ella.to/solid v0.0.2-0.20241029181233-89bc3b6ff9cf h1:jHXlulBf51xCfKh0dyHi/Cwrh/ln0Hgkzj9kNoYflw0=
ella.to/solid v0.0.2-0.20241029181233-89bc3b6ff9cf/go.mod h1:0+qlRn4069za08wDegNAFUICaKAZCZHKUjav8UEZml0=
ella.to/solid v0.0.2-0.20241029190034-f4695c6c6a13 h1:X/uYz11o7uls1UVgQziwZks0Koi4ItrF2IjQfsY2gkk=
ella.to/solid v0.0.2-0.20241029190034-f4695c6c6a13/go.mod h1:0+qlRn4069za08wDegNAFUICaKAZCZHKUjav8UEZml0=
ella.to/solid v0.0.2 h1:RSxqe/HEbMZ/vcwwDD9xMQV643Q512IcS9IF5KHcp9w=
ella.to/solid v0.0.2/go.mod h1:0+qlRn4069za08wDegNAFUICaKAZCZHKUjav8UEZml0=
